
Microsoft Visual Studio Solution File, Format Version 12.00
# Visual Studio Version 17
VisualStudioVersion = 17.0.32126.317
MinimumVisualStudioVersion = 10.0.40219.1
Project("{9A19103F-16F7-4668-BE54-9A1E7A4F7556}") = "ProductWeb.Api", "ProductWeb.Api\ProductWeb.Api.csproj", "{F1859B59-A574-43EE-BF75-719BD8B1E3C2}"
EndProject
Project("{9A19103F-16F7-4668-BE54-9A1E7A4F7556}") = "ProductWeb.Application", "ProductWeb.Application\ProductWeb.Application.csproj", "{49377DB8-9603-4C97-B20F-AAE0FBDEA5EC}"
EndProject
Project("{9A19103F-16F7-4668-BE54-9A1E7A4F7556}") = "ProductWeb.Domain", "ProductWeb.Domain\ProductWeb.Domain.csproj", "{E1D8FEFD-2FCA-45EF-B983-EEA8B59710C3}"
EndProject
Project("{9A19103F-16F7-4668-BE54-9A1E7A4F7556}") = "ProductWeb.Persistence", "ProductWeb.Persistence\ProductWeb.Persistence.csproj", "{9953E664-5C9F-4D9F-85BA-7914E389FEC8}"
EndProject
Global
	GlobalSection(SolutionConfigurationPlatforms) = preSolution
		Debug|Any CPU = Debug|Any CPU
		Release|Any CPU = Release|Any CPU
	EndGlobalSection
	GlobalSection(ProjectConfigurationPlatforms) = postSolution
		{F1859B59-A574-43EE-BF75-719BD8B1E3C2}.Debug|Any CPU.ActiveCfg = Debug|Any CPU
		{F1859B59-A574-43EE-BF75-719BD8B1E3C2}.Debug|Any CPU.Build.0 = Debug|Any CPU
		{F1859B59-A574-43EE-BF75-719BD8B1E3C2}.Release|Any CPU.ActiveCfg = Release|Any CPU
		{F1859B59-A574-43EE-BF75-719BD8B1E3C2}.Release|Any CPU.Build.0 = Release|Any CPU
		{49377DB8-9603-4C97-B20F-AAE0FBDEA5EC}.Debug|Any CPU.ActiveCfg = Debug|Any CPU
		{49377DB8-9603-4C97-B20F-AAE0FBDEA5EC}.Debug|Any CPU.Build.0 = Debug|Any CPU
		{49377DB8-9603-4C97-B20F-AAE0FBDEA5EC}.Release|Any CPU.ActiveCfg = Release|Any CPU
		{49377DB8-9603-4C97-B20F-AAE0FBDEA5EC}.Release|Any CPU.Build.0 = Release|Any CPU
		{E1D8FEFD-2FCA-45EF-B983-EEA8B59710C3}.Debug|Any CPU.ActiveCfg = Debug|Any CPU
		{E1D8FEFD-2FCA-45EF-B983-EEA8B59710C3}.Debug|Any CPU.Build.0 = Debug|Any CPU
		{E1D8FEFD-2FCA-45EF-B983-EEA8B59710C3}.Release|Any CPU.ActiveCfg = Release|Any CPU
		{E1D8FEFD-2FCA-45EF-B983-EEA8B59710C3}.Release|Any CPU.Build.0 = Release|Any CPU
		{9953E664-5C9F-4D9F-85BA-7914E389FEC8}.Debug|Any CPU.ActiveCfg = Debug|Any CPU
		{9953E664-5C9F-4D9F-85BA-7914E389FEC8}.Debug|Any CPU.Build.0 = Debug|Any CPU
		{9953E664-5C9F-4D9F-85BA-7914E389FEC8}.Release|Any CPU.ActiveCfg = Release|Any CPU
		{9953E664-5C9F-4D9F-85BA-7914E389FEC8}.Release|Any CPU.Build.0 = Release|Any CPU
	EndGlobalSection
	GlobalSection(SolutionProperties) = preSolution
		HideSolutionNode = FALSE
	EndGlobalSection
	GlobalSection(ExtensibilityGlobals) = postSolution
		SolutionGuid = {0CFD2083-E5D9-447D-877C-13D0C0DA5BFE}
	EndGlobalSection
EndGlobal
